// !$*UTF8*$!
{
	archiveVersion = 1;
	classes = {
	};
	objectVersion = 50;
	objects = {

/* Begin PBXBuildFile section */
		16C8F60E22ACF13D0062723D /* AppDelegate.swift in Sources */ = {isa = PBXBuildFile; fileRef = 16C8F60D22ACF13D0062723D /* AppDelegate.swift */; };
		16C8F61022ACF13D0062723D /* SceneDelegate.swift in Sources */ = {isa = PBXBuildFile; fileRef = 16C8F60F22ACF13D0062723D /* SceneDelegate.swift */; };
		16C8F61222ACF13D0062723D /* ContentView.swift in Sources */ = {isa = PBXBuildFile; fileRef = 16C8F61122ACF13D0062723D /* ContentView.swift */; };
		16C8F61422ACF1400062723D /* Assets.xcassets in Resources */ = {isa = PBXBuildFile; fileRef = 16C8F61322ACF1400062723D /* Assets.xcassets */; };
		16C8F61722ACF1400062723D /* Preview Assets.xcassets in Resources */ = {isa = PBXBuildFile; fileRef = 16C8F61622ACF1400062723D /* Preview Assets.xcassets */; };
		16C8F61A22ACF1400062723D /* LaunchScreen.storyboard in Resources */ = {isa = PBXBuildFile; fileRef = 16C8F61822ACF1400062723D /* LaunchScreen.storyboard */; };
		16C8F62222AD80E50062723D /* Player.swift in Sources */ = {isa = PBXBuildFile; fileRef = 16C8F62122AD80E50062723D /* Player.swift */; };
		16C8F62422AF70420062723D /* StatTextView.swift in Sources */ = {isa = PBXBuildFile; fileRef = 16C8F62322AF70420062723D /* StatTextView.swift */; };
/* End PBXBuildFile section */

/* Begin PBXFileReference section */
		16C8F60A22ACF13D0062723D /* NBA-Players.app */ = {isa = PBXFileReference; explicitFileType = wrapper.application; includeInIndex = 0; path = "NBA-Players.app"; sourceTree = BUILT_PRODUCTS_DIR; };
		16C8F60D22ACF13D0062723D /* AppDelegate.swift */ = {isa = PBXFileReference; lastKnownFileType = sourcecode.swift; path = AppDelegate.swift; sourceTree = "<group>"; };
		16C8F60F22ACF13D0062723D /* SceneDelegate.swift */ = {isa = PBXFileReference; lastKnownFileType = sourcecode.swift; path = SceneDelegate.swift; sourceTree = "<group>"; };
		16C8F61122ACF13D0062723D /* ContentView.swift */ = {isa = PBXFileReference; lastKnownFileType = sourcecode.swift; path = ContentView.swift; sourceTree = "<group>"; };
		16C8F61322ACF1400062723D /* Assets.xcassets */ = {isa = PBXFileReference; lastKnownFileType = folder.assetcatalog; path = Assets.xcassets; sourceTree = "<group>"; };
		16C8F61622ACF1400062723D /* Preview Assets.xcassets */ = {isa = PBXFileReference; lastKnownFileType = folder.assetcatalog; path = "Preview Assets.xcassets"; sourceTree = "<group>"; };
		16C8F61922ACF1400062723D /* Base */ = {isa = PBXFileReference; lastKnownFileType = file.storyboard; name = Base; path = Base.lproj/LaunchScreen.storyboard; sourceTree = "<group>"; };
		16C8F61B22ACF1400062723D /* Info.plist */ = {isa = PBXFileReference; lastKnownFileType = text.plist.xml; path = Info.plist; sourceTree = "<group>"; };
		16C8F62122AD80E50062723D /* Player.swift */ = {isa = PBXFileReference; fileEncoding = 4; lastKnownFileType = sourcecode.swift; path = Player.swift; sourceTree = "<group>"; };
		16C8F62322AF70420062723D /* StatTextView.swift */ = {isa = PBXFileReference; lastKnownFileType = sourcecode.swift; path = StatTextView.swift; sourceTree = "<group>"; };
/* End PBXFileReference section */

/* Begin PBXFrameworksBuildPhase section */
		16C8F60722ACF13D0062723D /* Frameworks */ = {
			isa = PBXFrameworksBuildPhase;
			buildActionMask = 2147483647;
			files = (
			);
			runOnlyForDeploymentPostprocessing = 0;
		};
/* End PBXFrameworksBuildPhase section */

/* Begin PBXGroup section */
		16C8F60122ACF13D0062723D = {
			isa = PBXGroup;
			children = (
				16C8F60C22ACF13D0062723D /* NBA-Players */,
				16C8F60B22ACF13D0062723D /* Products */,
			);
			sourceTree = "<group>";
		};
		16C8F60B22ACF13D0062723D /* Products */ = {
			isa = PBXGroup;
			children = (
				16C8F60A22ACF13D0062723D /* NBA-Players.app */,
			);
			name = Products;
			sourceTree = "<group>";
		};
		16C8F60C22ACF13D0062723D /* NBA-Players */ = {
			isa = PBXGroup;
			children = (
				16C8F60D22ACF13D0062723D /* AppDelegate.swift */,
				16C8F62122AD80E50062723D /* Player.swift */,
				16C8F60F22ACF13D0062723D /* SceneDelegate.swift */,
				16C8F61122ACF13D0062723D /* ContentView.swift */,
				16C8F61322ACF1400062723D /* Assets.xcassets */,
				16C8F61822ACF1400062723D /* LaunchScreen.storyboard */,
				16C8F61B22ACF1400062723D /* Info.plist */,
				16C8F61522ACF1400062723D /* Preview Content */,
				16C8F62322AF70420062723D /* StatTextView.swift */,
			);
			path = "NBA-Players";
			sourceTree = "<group>";
		};
		16C8F61522ACF1400062723D /* Preview Content */ = {
			isa = PBXGroup;
			children = (
				16C8F61622ACF1400062723D /* Preview Assets.xcassets */,
			);
			path = "Preview Content";
			sourceTree = "<group>";
		};
/* End PBXGroup section */

/* Begin PBXNativeTarget section */
		16C8F60922ACF13D0062723D /* NBA-Players */ = {
			isa = PBXNativeTarget;
			buildConfigurationList = 16C8F61E22ACF1400062723D /* Build configuration list for PBXNativeTarget "NBA-Players" */;
			buildPhases = (
				16C8F60622ACF13D0062723D /* Sources */,
				16C8F60722ACF13D0062723D /* Frameworks */,
				16C8F60822ACF13D0062723D /* Resources */,
			);
			buildRules = (
			);
			dependencies = (
			);
			name = "NBA-Players";
			productName = "NBA-Players";
			productReference = 16C8F60A22ACF13D0062723D /* NBA-Players.app */;
			productType = "com.apple.product-type.application";
		};
/* End PBXNativeTarget section */

/* Begin PBXProject section */
		16C8F60222ACF13D0062723D /* Project object */ = {
			isa = PBXProject;
			attributes = {
				LastSwiftUpdateCheck = 1100;
				LastUpgradeCheck = 1100;
				ORGANIZATIONNAME = "DARRELL A PAYNE";
				TargetAttributes = {
					16C8F60922ACF13D0062723D = {
						CreatedOnToolsVersion = 11.0;
					};
				};
			};
			buildConfigurationList = 16C8F60522ACF13D0062723D /* Build configuration list for PBXProject "NBA-Players" */;
			compatibilityVersion = "Xcode 9.3";
			developmentRegion = en;
			hasScannedForEncodings = 0;
			knownRegions = (
				en,
				Base,
			);
			mainGroup = 16C8F60122ACF13D0062723D;
			productRefGroup = 16C8F60B22ACF13D0062723D /* Products */;
			projectDirPath = "";
			projectRoot = "";
			targets = (
				16C8F60922ACF13D0062723D /* NBA-Players */,
			);
		};
/* End PBXProject section */

/* Begin PBXResourcesBuildPhase section */
		16C8F60822ACF13D0062723D /* Resources */ = {
			isa = PBXResourcesBuildPhase;
			buildActionMask = 2147483647;
			files = (
				16C8F61A22ACF1400062723D /* LaunchScreen.storyboard in Resources */,
				16C8F61722ACF1400062723D /* Preview Assets.xcassets in Resources */,
				16C8F61422ACF1400062723D /* Assets.xcassets in Resources */,
			);
			runOnlyForDeploymentPostprocessing = 0;
		};
/* End PBXResourcesBuildPhase section */

/* Begin PBXSourcesBuildPhase section */
		16C8F60622ACF13D0062723D /* Sources */ = {
			isa = PBXSourcesBuildPhase;
			buildActionMask = 2147483647;
			files = (
				16C8F62222AD80E50062723D /* Player.swift in Sources */,
				16C8F60E22ACF13D0062723D /* AppDelegate.swift in Sources */,
				16C8F61022ACF13D0062723D /* SceneDelegate.swift in Sources */,
				16C8F61222ACF13D0062723D /* ContentView.swift in Sources */,
				16C8F62422AF70420062723D /* StatTextView.swift in Sources */,
			);
			runOnlyForDeploymentPostprocessing = 0;
		};
/* End PBXSourcesBuildPhase section */

/* Begin PBXVariantGroup section */
		16C8F61822ACF1400062723D /* LaunchScreen.storyboard */ = {
			isa = PBXVariantGroup;
			children = (
				16C8F61922ACF1400062723D /* Base */,
			);
			name = LaunchScreen.storyboard;
			sourceTree = "<group>";
		};
/* End PBXVariantGroup section */

/* Begin XCBuildConfiguration section */
		16C8F61C22ACF1400062723D /* Debug */ = {
			isa = XCBuildConfiguration;
			buildSettings = {
				ALWAYS_SEARCH_USER_PATHS = NO;
				CLANG_ANALYZER_NONNULL = YES;
				CLANG_ANALYZER_NUMBER_OBJECT_CONVERSION = YES_AGGRESSIVE;
				CLANG_CXX_LANGUAGE_STANDARD = "gnu++14";
				CLANG_CXX_LIBRARY = "libc++";
				CLANG_ENABLE_MODULES = YES;
				CLANG_ENABLE_OBJC_ARC = YES;
				CLANG_ENABLE_OBJC_WEAK = YES;
				CLANG_WARN_BLOCK_CAPTURE_AUTORELEASING = YES;
				CLANG_WARN_BOOL_CONVERSION = YES;
				CLANG_WARN_COMMA = YES;
				CLANG_WARN_CONSTANT_CONVERSION = YES;
				CLANG_WARN_DEPRECATED_OBJC_IMPLEMENTATIONS = YES;
				CLANG_WARN_DIRECT_OBJC_ISA_USAGE = YES_ERROR;
				CLANG_WARN_DOCUMENTATION_COMMENTS = YES;
				CLANG_WARN_EMPTY_BODY = YES;
				CLANG_WARN_ENUM_CONVERSION = YES;
				CLANG_WARN_INFINITE_RECURSION = YES;
				CLANG_WARN_INT_CONVERSION = YES;
				CLANG_WARN_NON_LITERAL_NULL_CONVERSION = YES;
				CLANG_WARN_OBJC_IMPLICIT_RETAIN_SELF = YES;
				CLANG_WARN_OBJC_LITERAL_CONVERSION = YES;
				CLANG_WARN_OBJC_ROOT_CLASS = YES_ERROR;
				CLANG_WARN_RANGE_LOOP_ANALYSIS = YES;
				CLANG_WARN_STRICT_PROTOTYPES = YES;
				CLANG_WARN_SUSPICIOUS_MOVE = YES;
				CLANG_WARN_UNGUARDED_AVAILABILITY = YES_AGGRESSIVE;
				CLANG_WARN_UNREACHABLE_CODE = YES;
				CLANG_WARN__DUPLICATE_METHOD_MATCH = YES;
				COPY_PHASE_STRIP = NO;
				DEBUG_INFORMATION_FORMAT = dwarf;
				ENABLE_STRICT_OBJC_MSGSEND = YES;
				ENABLE_TESTABILITY = YES;
				GCC_C_LANGUAGE_STANDARD = gnu11;
				GCC_DYNAMIC_NO_PIC = NO;
				GCC_NO_COMMON_BLOCKS = YES;
				GCC_OPTIMIZATION_LEVEL = 0;
				GCC_PREPROCESSOR_DEFINITIONS = (
					"DEBUG=1",
					"$(inherited)",
				);
				GCC_WARN_64_TO_32_BIT_CONVERSION = YES;
				GCC_WARN_ABOUT_RETURN_TYPE = YES_ERROR;
				GCC_WARN_UNDECLARED_SELECTOR = YES;
				GCC_WARN_UNINITIALIZED_AUTOS = YES_AGGRESSIVE;
				GCC_WARN_UNUSED_FUNCTION = YES;
				GCC_WARN_UNUSED_VARIABLE = YES;
				IPHONEOS_DEPLOYMENT_TARGET = 13.0;
				MTL_ENABLE_DEBUG_INFO = INCLUDE_SOURCE;
				MTL_FAST_MATH = YES;
				ONLY_ACTIVE_ARCH = YES;
				SDKROOT = iphoneos;
				SWIFT_ACTIVE_COMPILATION_CONDITIONS = DEBUG;
				SWIFT_OPTIMIZATION_LEVEL = "-Onone";
			};
			name = Debug;
		};
		16C8F61D22ACF1400062723D /* Release */ = {
			isa = XCBuildConfiguration;
			buildSettings = {
				ALWAYS_SEARCH_USER_PATHS = NO;
				CLANG_ANALYZER_NONNULL = YES;
				CLANG_ANALYZER_NUMBER_OBJECT_CONVERSION = YES_AGGRESSIVE;
				CLANG_CXX_LANGUAGE_STANDARD = "gnu++14";
				CLANG_CXX_LIBRARY = "libc++";
				CLANG_ENABLE_MODULES = YES;
				CLANG_ENABLE_OBJC_ARC = YES;
				CLANG_ENABLE_OBJC_WEAK = YES;
				CLANG_WARN_BLOCK_CAPTURE_AUTORELEASING = YES;
				CLANG_WARN_BOOL_CONVERSION = YES;
				CLANG_WARN_COMMA = YES;
				CLANG_WARN_CONSTANT_CONVERSION = YES;
				CLANG_WARN_DEPRECATED_OBJC_IMPLEMENTATIONS = YES;
				CLANG_WARN_DIRECT_OBJC_ISA_USAGE = YES_ERROR;
				CLANG_WARN_DOCUMENTATION_COMMENTS = YES;
				CLANG_WARN_EMPTY_BODY = YES;
				CLANG_WARN_ENUM_CONVERSION = YES;
				CLANG_WARN_INFINITE_RECURSION = YES;
				CLANG_WARN_INT_CONVERSION = YES;
				CLANG_WARN_NON_LITERAL_NULL_CONVERSION = YES;
				CLANG_WARN_OBJC_IMPLICIT_RETAIN_SELF = YES;
				CLANG_WARN_OBJC_LITERAL_CONVERSION = YES;
				CLANG_WARN_OBJC_ROOT_CLASS = YES_ERROR;
				CLANG_WARN_RANGE_LOOP_ANALYSIS = YES;
				CLANG_WARN_STRICT_PROTOTYPES = YES;
				CLANG_WARN_SUSPICIOUS_MOVE = YES;
				CLANG_WARN_UNGUARDED_AVAILABILITY = YES_AGGRESSIVE;
				CLANG_WARN_UNREACHABLE_CODE = YES;
				CLANG_WARN__DUPLICATE_METHOD_MATCH = YES;
				COPY_PHASE_STRIP = NO;
				DEBUG_INFORMATION_FORMAT = "dwarf-with-dsym";
				ENABLE_NS_ASSERTIONS = NO;
				ENABLE_STRICT_OBJC_MSGSEND = YES;
				GCC_C_LANGUAGE_STANDARD = gnu11;
				GCC_NO_COMMON_BLOCKS = YES;
				GCC_WARN_64_TO_32_BIT_CONVERSION = YES;
				GCC_WARN_ABOUT_RETURN_TYPE = YES_ERROR;
				GCC_WARN_UNDECLARED_SELECTOR = YES;
				GCC_WARN_UNINITIALIZED_AUTOS = YES_AGGRESSIVE;
				GCC_WARN_UNUSED_FUNCTION = YES;
				GCC_WARN_UNUSED_VARIABLE = YES;
				IPHONEOS_DEPLOYMENT_TARGET = 13.0;
				MTL_ENABLE_DEBUG_INFO = NO;
				MTL_FAST_MATH = YES;
				SDKROOT = iphoneos;
				SWIFT_COMPILATION_MODE = wholemodule;
				SWIFT_OPTIMIZATION_LEVEL = "-O";
				VALIDATE_PRODUCT = YES;
			};
			name = Release;
		};
		16C8F61F22ACF1400062723D /* Debug */ = {
			isa = XCBuildConfiguration;
			buildSettings = {
				ASSETCATALOG_COMPILER_APPICON_NAME = AppIcon;
				CODE_SIGN_STYLE = Automatic;
				DEVELOPMENT_ASSET_PATHS = "NBA-Players/Preview\\ Content";
				DEVELOPMENT_TEAM = YH2L94SFDJ;
				ENABLE_PREVIEWS = YES;
				INFOPLIST_FILE = "NBA-Players/Info.plist";
				LD_RUNPATH_SEARCH_PATHS = (
					"$(inherited)",
					"@executable_path/Frameworks",
				);
				PRODUCT_BUNDLE_IDENTIFIER = "com.sanctuaryofdarkness.NBA-Players";
				PRODUCT_NAME = "$(TARGET_NAME)";
				SWIFT_VERSION = 5.0;
				TARGETED_DEVICE_FAMILY = "1,2";
			};
			name = Debug;
		};
		16C8F62022ACF1400062723D /* Release */ = {
			isa = XCBuildConfiguration;
			buildSettings = {
				ASSETCATALOG_COMPILER_APPICON_NAME = AppIcon;
				CODE_SIGN_STYLE = Automatic;
				DEVELOPMENT_ASSET_PATHS = "NBA-Players/Preview\\ Content";
				DEVELOPMENT_TEAM = YH2L94SFDJ;
				ENABLE_PREVIEWS = YES;
				INFOPLIST_FILE = "NBA-Players/Info.plist";
				LD_RUNPATH_SEARCH_PATHS = (
					"$(inherited)",
					"@executable_path/Frameworks",
				);
				PRODUCT_BUNDLE_IDENTIFIER = "com.sanctuaryofdarkness.NBA-Players";
				PRODUCT_NAME = "$(TARGET_NAME)";
				SWIFT_VERSION = 5.0;
				TARGETED_DEVICE_FAMILY = "1,2";
			};
			name = Release;
		};
/* End XCBuildConfiguration section */

/* Begin XCConfigurationList section */
		16C8F60522ACF13D0062723D /* Build configuration list for PBXProject "NBA-Players" */ = {
			isa = XCConfigurationList;
			buildConfigurations = (
				16C8F61C22ACF1400062723D /* Debug */,
				16C8F61D22ACF1400062723D /* Release */,
			);
			defaultConfigurationIsVisible = 0;
			defaultConfigurationName = Release;
		};
		16C8F61E22ACF1400062723D /* Build configuration list for PBXNativeTarget "NBA-Players" */ = {
			isa = XCConfigurationList;
			buildConfigurations = (
				16C8F61F22ACF1400062723D /* Debug */,
				16C8F62022ACF1400062723D /* Release */,
			);
			defaultConfigurationIsVisible = 0;
			defaultConfigurationName = Release;
		};
/* End XCConfigurationList section */
	};
	rootObject = 16C8F60222ACF13D0062723D /* Project object */;
}
